
Microsoft Visual Studio Solution File, Format Version 12.00
# Visual Studio Version 17
VisualStudioVersion = 17.0.32014.148
MinimumVisualStudioVersion = 10.0.40219.1
Project("{9A19103F-16F7-4668-BE54-9A1E7A4F7556}") = "Auction.API", "Auction.API\Auction.API.csproj", "{B30E7576-B486-40A2-BE3D-2EBD6BE7FBB6}"
EndProject
Project("{9A19103F-16F7-4668-BE54-9A1E7A4F7556}") = "Auction.Domain", "Auction.Domain\Auction.Domain.csproj", "{662ED35B-3007-4CC8-943B-F5C19F279525}"
EndProject
Project("{9A19103F-16F7-4668-BE54-9A1E7A4F7556}") = "Auction.Data", "Auction.Data\Auction.Data.csproj", "{79A2412C-C429-408D-A291-42E9FF93BAB1}"
EndProject
Project("{9A19103F-16F7-4668-BE54-9A1E7A4F7556}") = "Auction.Authentication.JWT", "Auction.Authentication.JWT\Auction.Authentication.JWT.csproj", "{A40474CB-475B-4787-BD52-9A26F4F3D032}"
EndProject
Project("{9A19103F-16F7-4668-BE54-9A1E7A4F7556}") = "Auction.Business", "Auction.Business\Auction.Business.csproj", "{0B62A300-80C2-4C2E-9D2F-161D9068C079}"
EndProject
Project("{9A19103F-16F7-4668-BE54-9A1E7A4F7556}") = "Auction.Data.Tests", "Auction.Data.Tests\Auction.Data.Tests.csproj", "{A9FFD4E8-FBD2-4827-BB1A-DB98854EC4BA}"
EndProject
Project("{9A19103F-16F7-4668-BE54-9A1E7A4F7556}") = "Auction.ApiModels", "Auction.ApiModels\Auction.ApiModels.csproj", "{549BD968-661C-43DD-A5F4-0404664A6B1E}"
EndProject
Global
	GlobalSection(SolutionConfigurationPlatforms) = preSolution
		Debug|Any CPU = Debug|Any CPU
		Release|Any CPU = Release|Any CPU
	EndGlobalSection
	GlobalSection(ProjectConfigurationPlatforms) = postSolution
		{B30E7576-B486-40A2-BE3D-2EBD6BE7FBB6}.Debug|Any CPU.ActiveCfg = Debug|Any CPU
		{B30E7576-B486-40A2-BE3D-2EBD6BE7FBB6}.Debug|Any CPU.Build.0 = Debug|Any CPU
		{B30E7576-B486-40A2-BE3D-2EBD6BE7FBB6}.Release|Any CPU.ActiveCfg = Release|Any CPU
		{B30E7576-B486-40A2-BE3D-2EBD6BE7FBB6}.Release|Any CPU.Build.0 = Release|Any CPU
		{662ED35B-3007-4CC8-943B-F5C19F279525}.Debug|Any CPU.ActiveCfg = Debug|Any CPU
		{662ED35B-3007-4CC8-943B-F5C19F279525}.Debug|Any CPU.Build.0 = Debug|Any CPU
		{662ED35B-3007-4CC8-943B-F5C19F279525}.Release|Any CPU.ActiveCfg = Release|Any CPU
		{662ED35B-3007-4CC8-943B-F5C19F279525}.Release|Any CPU.Build.0 = Release|Any CPU
		{79A2412C-C429-408D-A291-42E9FF93BAB1}.Debug|Any CPU.ActiveCfg = Debug|Any CPU
		{79A2412C-C429-408D-A291-42E9FF93BAB1}.Debug|Any CPU.Build.0 = Debug|Any CPU
		{79A2412C-C429-408D-A291-42E9FF93BAB1}.Release|Any CPU.ActiveCfg = Release|Any CPU
		{79A2412C-C429-408D-A291-42E9FF93BAB1}.Release|Any CPU.Build.0 = Release|Any CPU
		{A40474CB-475B-4787-BD52-9A26F4F3D032}.Debug|Any CPU.ActiveCfg = Debug|Any CPU
		{A40474CB-475B-4787-BD52-9A26F4F3D032}.Debug|Any CPU.Build.0 = Debug|Any CPU
		{A40474CB-475B-4787-BD52-9A26F4F3D032}.Release|Any CPU.ActiveCfg = Release|Any CPU
		{A40474CB-475B-4787-BD52-9A26F4F3D032}.Release|Any CPU.Build.0 = Release|Any CPU
		{0B62A300-80C2-4C2E-9D2F-161D9068C079}.Debug|Any CPU.ActiveCfg = Debug|Any CPU
		{0B62A300-80C2-4C2E-9D2F-161D9068C079}.Debug|Any CPU.Build.0 = Debug|Any CPU
		{0B62A300-80C2-4C2E-9D2F-161D9068C079}.Release|Any CPU.ActiveCfg = Release|Any CPU
		{0B62A300-80C2-4C2E-9D2F-161D9068C079}.Release|Any CPU.Build.0 = Release|Any CPU
		{A9FFD4E8-FBD2-4827-BB1A-DB98854EC4BA}.Debug|Any CPU.ActiveCfg = Debug|Any CPU
		{A9FFD4E8-FBD2-4827-BB1A-DB98854EC4BA}.Debug|Any CPU.Build.0 = Debug|Any CPU
		{A9FFD4E8-FBD2-4827-BB1A-DB98854EC4BA}.Release|Any CPU.ActiveCfg = Release|Any CPU
		{A9FFD4E8-FBD2-4827-BB1A-DB98854EC4BA}.Release|Any CPU.Build.0 = Release|Any CPU
		{549BD968-661C-43DD-A5F4-0404664A6B1E}.Debug|Any CPU.ActiveCfg = Debug|Any CPU
		{549BD968-661C-43DD-A5F4-0404664A6B1E}.Debug|Any CPU.Build.0 = Debug|Any CPU
		{549BD968-661C-43DD-A5F4-0404664A6B1E}.Release|Any CPU.ActiveCfg = Release|Any CPU
		{549BD968-661C-43DD-A5F4-0404664A6B1E}.Release|Any CPU.Build.0 = Release|Any CPU
	EndGlobalSection
	GlobalSection(SolutionProperties) = preSolution
		HideSolutionNode = FALSE
	EndGlobalSection
	GlobalSection(ExtensibilityGlobals) = postSolution
		SolutionGuid = {5C6813CF-74F4-483A-8A4B-98725CD669DE}
	EndGlobalSection
EndGlobal
